<?xml version="1.0" encoding="UTF-8"?>
<!DOCTYPE plist PUBLIC "-//Apple//DTD PLIST 1.0//EN" "http://www.apple.com/DTDs/PropertyList-1.0.dtd">
<plist version="1.0">
<dict>
	<key>archiveVersion</key>
	<string>1</string>
	<key>classes</key>
	<dict/>
	<key>objectVersion</key>
	<string>46</string>
	<key>objects</key>
	<dict>
		<key>5217F2C618D5BD2200E7733D</key>
		<dict>
			<key>children</key>
			<array>
				<string>5217F2C718D5BD2200E7733D</string>
				<string>5217F2C818D5BD2200E7733D</string>
				<string>5217F2C918D5BD2200E7733D</string>
				<string>5217F2CA18D5BD2200E7733D</string>
				<string>5217F2CB18D5BD2200E7733D</string>
				<string>5217F2CC18D5BD2200E7733D</string>
				<string>5217F2CD18D5BD2200E7733D</string>
			</array>
			<key>isa</key>
			<string>PBXGroup</string>
			<key>path</key>
			<string>Internal</string>
			<key>sourceTree</key>
			<string>&lt;group&gt;</string>
		</dict>
		<key>5217F2C718D5BD2200E7733D</key>
		<dict>
			<key>fileEncoding</key>
			<string>4</string>
			<key>isa</key>
			<string>PBXFileReference</string>
			<key>lastKnownFileType</key>
			<string>sourcecode.c.h</string>
			<key>path</key>
			<string>MDDisqusAuthorizationView.h</string>
			<key>sourceTree</key>
			<string>&lt;group&gt;</string>
		</dict>
		<key>5217F2C818D5BD2200E7733D</key>
		<dict>
			<key>fileEncoding</key>
			<string>4</string>
			<key>isa</key>
			<string>PBXFileReference</string>
			<key>lastKnownFileType</key>
			<string>sourcecode.c.objc</string>
			<key>path</key>
			<string>MDDisqusAuthorizationView.m</string>
			<key>sourceTree</key>
			<string>&lt;group&gt;</string>
		</dict>
		<key>5217F2C918D5BD2200E7733D</key>
		<dict>
			<key>fileEncoding</key>
			<string>4</string>
			<key>isa</key>
			<string>PBXFileReference</string>
			<key>lastKnownFileType</key>
			<string>sourcecode.c.h</string>
			<key>path</key>
			<string>MDDisqusAuthorizationViewController.h</string>
			<key>sourceTree</key>
			<string>&lt;group&gt;</string>
		</dict>
		<key>5217F2CA18D5BD2200E7733D</key>
		<dict>
			<key>fileEncoding</key>
			<string>4</string>
			<key>isa</key>
			<string>PBXFileReference</string>
			<key>lastKnownFileType</key>
			<string>sourcecode.c.objc</string>
			<key>path</key>
			<string>MDDisqusAuthorizationViewController.m</string>
			<key>sourceTree</key>
			<string>&lt;group&gt;</string>
		</dict>
		<key>5217F2CB18D5BD2200E7733D</key>
		<dict>
			<key>fileEncoding</key>
			<string>4</string>
			<key>isa</key>
			<string>PBXFileReference</string>
			<key>lastKnownFileType</key>
			<string>sourcecode.c.h</string>
			<key>path</key>
			<string>MDDisqusConstants.h</string>
			<key>sourceTree</key>
			<string>&lt;group&gt;</string>
		</dict>
		<key>5217F2CC18D5BD2200E7733D</key>
		<dict>
			<key>fileEncoding</key>
			<string>4</string>
			<key>isa</key>
			<string>PBXFileReference</string>
			<key>lastKnownFileType</key>
			<string>sourcecode.c.h</string>
			<key>path</key>
			<string>MDDisqusTokensModel.h</string>
			<key>sourceTree</key>
			<string>&lt;group&gt;</string>
		</dict>
		<key>5217F2CD18D5BD2200E7733D</key>
		<dict>
			<key>fileEncoding</key>
			<string>4</string>
			<key>isa</key>
			<string>PBXFileReference</string>
			<key>lastKnownFileType</key>
			<string>sourcecode.c.objc</string>
			<key>path</key>
			<string>MDDisqusTokensModel.m</string>
			<key>sourceTree</key>
			<string>&lt;group&gt;</string>
		</dict>
		<key>5217F2CE18D5BD2200E7733D</key>
		<dict>
			<key>fileRef</key>
			<string>5217F2C818D5BD2200E7733D</string>
			<key>isa</key>
			<string>PBXBuildFile</string>
		</dict>
		<key>5217F2CF18D5BD2200E7733D</key>
		<dict>
			<key>fileRef</key>
			<string>5217F2CA18D5BD2200E7733D</string>
			<key>isa</key>
			<string>PBXBuildFile</string>
		</dict>
		<key>5217F2D018D5BD2200E7733D</key>
		<dict>
			<key>fileRef</key>
			<string>5217F2CD18D5BD2200E7733D</string>
			<key>isa</key>
			<string>PBXBuildFile</string>
		</dict>
		<key>5217F2D118D6115D00E7733D</key>
		<dict>
			<key>children</key>
			<array>
				<string>5217F2D218D6115D00E7733D</string>
				<string>5217F2D318D6115D00E7733D</string>
			</array>
			<key>isa</key>
			<string>PBXGroup</string>
			<key>path</key>
			<string>Resources</string>
			<key>sourceTree</key>
			<string>&lt;group&gt;</string>
		</dict>
		<key>5217F2D218D6115D00E7733D</key>
		<dict>
			<key>isa</key>
			<string>PBXFileReference</string>
			<key>lastKnownFileType</key>
			<string>image.png</string>
			<key>path</key>
			<string>disqus_wheel.png</string>
			<key>sourceTree</key>
			<string>&lt;group&gt;</string>
		</dict>
		<key>5217F2D318D6115D00E7733D</key>
		<dict>
			<key>isa</key>
			<string>PBXFileReference</string>
			<key>lastKnownFileType</key>
			<string>image.png</string>
			<key>path</key>
			<string>disqus_wheel@2x.png</string>
			<key>sourceTree</key>
			<string>&lt;group&gt;</string>
		</dict>
		<key>5217F2D418D6115D00E7733D</key>
		<dict>
			<key>fileRef</key>
			<string>5217F2D218D6115D00E7733D</string>
			<key>isa</key>
			<string>PBXBuildFile</string>
		</dict>
		<key>5217F2D518D6115D00E7733D</key>
		<dict>
			<key>fileRef</key>
			<string>5217F2D318D6115D00E7733D</string>
			<key>isa</key>
			<string>PBXBuildFile</string>
		</dict>
		<key>52AB34981869986C00F76FBD</key>
		<dict>
			<key>children</key>
			<array>
				<string>52AB34AA1869986C00F76FBD</string>
				<string>52AB34C31869986C00F76FBD</string>
				<string>52AB34A31869986C00F76FBD</string>
				<string>52AB34A21869986C00F76FBD</string>
				<string>5B946A2A4C574BCC8AE679D9</string>
			</array>
			<key>isa</key>
			<string>PBXGroup</string>
			<key>sourceTree</key>
			<string>&lt;group&gt;</string>
		</dict>
		<key>52AB34991869986C00F76FBD</key>
		<dict>
			<key>attributes</key>
			<dict>
				<key>CLASSPREFIX</key>
				<string>MD</string>
				<key>LastUpgradeCheck</key>
				<string>0500</string>
				<key>ORGANIZATIONNAME</key>
				<string>Moqod</string>
				<key>TargetAttributes</key>
				<dict>
					<key>52AB34BB1869986C00F76FBD</key>
					<dict>
						<key>TestTargetID</key>
						<string>52AB34A01869986C00F76FBD</string>
					</dict>
				</dict>
			</dict>
			<key>buildConfigurationList</key>
			<string>52AB349C1869986C00F76FBD</string>
			<key>compatibilityVersion</key>
			<string>Xcode 3.2</string>
			<key>developmentRegion</key>
			<string>English</string>
			<key>hasScannedForEncodings</key>
			<string>0</string>
			<key>isa</key>
			<string>PBXProject</string>
			<key>knownRegions</key>
			<array>
				<string>en</string>
			</array>
			<key>mainGroup</key>
			<string>52AB34981869986C00F76FBD</string>
			<key>productRefGroup</key>
			<string>52AB34A21869986C00F76FBD</string>
			<key>projectDirPath</key>
			<string></string>
			<key>projectReferences</key>
			<array/>
			<key>projectRoot</key>
			<string></string>
			<key>targets</key>
			<array>
				<string>52AB34A01869986C00F76FBD</string>
				<string>52AB34BB1869986C00F76FBD</string>
			</array>
		</dict>
		<key>52AB349C1869986C00F76FBD</key>
		<dict>
			<key>buildConfigurations</key>
			<array>
				<string>52AB34CB1869986C00F76FBD</string>
				<string>52AB34CC1869986C00F76FBD</string>
			</array>
			<key>defaultConfigurationIsVisible</key>
			<string>0</string>
			<key>defaultConfigurationName</key>
			<string>Release</string>
			<key>isa</key>
			<string>XCConfigurationList</string>
		</dict>
		<key>52AB349D1869986C00F76FBD</key>
		<dict>
			<key>buildActionMask</key>
			<string>2147483647</string>
			<key>files</key>
			<array>
				<string>52DC9B5D18898A4800272042</string>
				<string>5217F2CF18D5BD2200E7733D</string>
				<string>52DC9B551889450C00272042</string>
				<string>52DC9B4C1887F48500272042</string>
				<string>52DC9B4F188804B500272042</string>
				<string>52DC9B491887F3F600272042</string>
				<string>5217F2CE18D5BD2200E7733D</string>
				<string>52AB34B11869986C00F76FBD</string>
				<string>5217F2D018D5BD2200E7733D</string>
				<string>52AB34B51869986C00F76FBD</string>
				<string>52DC9B5918895B6D00272042</string>
			</array>
			<key>isa</key>
			<string>PBXSourcesBuildPhase</string>
			<key>runOnlyForDeploymentPostprocessing</key>
			<string>0</string>
		</dict>
		<key>52AB349E1869986C00F76FBD</key>
		<dict>
			<key>buildActionMask</key>
			<string>2147483647</string>
			<key>files</key>
			<array>
				<string>52AB34A71869986C00F76FBD</string>
				<string>52AB34A91869986C00F76FBD</string>
				<string>52AB34A51869986C00F76FBD</string>
				<string>D5ACA29C28894120AFF5C358</string>
			</array>
			<key>isa</key>
			<string>PBXFrameworksBuildPhase</string>
			<key>runOnlyForDeploymentPostprocessing</key>
			<string>0</string>
		</dict>
		<key>52AB349F1869986C00F76FBD</key>
		<dict>
			<key>buildActionMask</key>
			<string>2147483647</string>
			<key>files</key>
			<array>
				<string>5217F2D418D6115D00E7733D</string>
				<string>5217F2D518D6115D00E7733D</string>
				<string>52AB34AF1869986C00F76FBD</string>
				<string>52AB34B71869986C00F76FBD</string>
			</array>
			<key>isa</key>
			<string>PBXResourcesBuildPhase</string>
			<key>runOnlyForDeploymentPostprocessing</key>
			<string>0</string>
		</dict>
		<key>52AB34A01869986C00F76FBD</key>
		<dict>
			<key>buildConfigurationList</key>
			<string>52AB34CD1869986C00F76FBD</string>
			<key>buildPhases</key>
			<array>
				<string>6BB59B3E1C5D4E53A8DCA663</string>
				<string>52AB349D1869986C00F76FBD</string>
				<string>52AB349E1869986C00F76FBD</string>
				<string>52AB349F1869986C00F76FBD</string>
				<string>D8E7B9021C5544EFBF75326A</string>
			</array>
			<key>buildRules</key>
			<array/>
			<key>dependencies</key>
			<array/>
			<key>isa</key>
			<string>PBXNativeTarget</string>
			<key>name</key>
			<string>Disqus</string>
			<key>productName</key>
			<string>Disqus</string>
			<key>productReference</key>
			<string>52AB34A11869986C00F76FBD</string>
			<key>productType</key>
			<string>com.apple.product-type.application</string>
		</dict>
		<key>52AB34A11869986C00F76FBD</key>
		<dict>
			<key>explicitFileType</key>
			<string>wrapper.application</string>
			<key>includeInIndex</key>
			<string>0</string>
			<key>isa</key>
			<string>PBXFileReference</string>
			<key>path</key>
			<string>Disqus.app</string>
			<key>sourceTree</key>
			<string>BUILT_PRODUCTS_DIR</string>
		</dict>
		<key>52AB34A21869986C00F76FBD</key>
		<dict>
			<key>children</key>
			<array>
				<string>52AB34A11869986C00F76FBD</string>
				<string>52AB34BC1869986C00F76FBD</string>
			</array>
			<key>isa</key>
			<string>PBXGroup</string>
			<key>name</key>
			<string>Products</string>
			<key>sourceTree</key>
			<string>&lt;group&gt;</string>
		</dict>
		<key>52AB34A31869986C00F76FBD</key>
		<dict>
			<key>children</key>
			<array>
				<string>52AB34A41869986C00F76FBD</string>
				<string>52AB34A61869986C00F76FBD</string>
				<string>52AB34A81869986C00F76FBD</string>
				<string>52AB34BD1869986C00F76FBD</string>
				<string>68FB794D4ADD46A5A60879D5</string>
			</array>
			<key>isa</key>
			<string>PBXGroup</string>
			<key>name</key>
			<string>Frameworks</string>
			<key>sourceTree</key>
			<string>&lt;group&gt;</string>
		</dict>
		<key>52AB34A41869986C00F76FBD</key>
		<dict>
			<key>isa</key>
			<string>PBXFileReference</string>
			<key>lastKnownFileType</key>
			<string>wrapper.framework</string>
			<key>name</key>
			<string>Foundation.framework</string>
			<key>path</key>
			<string>System/Library/Frameworks/Foundation.framework</string>
			<key>sourceTree</key>
			<string>SDKROOT</string>
		</dict>
		<key>52AB34A51869986C00F76FBD</key>
		<dict>
			<key>fileRef</key>
			<string>52AB34A41869986C00F76FBD</string>
			<key>isa</key>
			<string>PBXBuildFile</string>
		</dict>
		<key>52AB34A61869986C00F76FBD</key>
		<dict>
			<key>isa</key>
			<string>PBXFileReference</string>
			<key>lastKnownFileType</key>
			<string>wrapper.framework</string>
			<key>name</key>
			<string>CoreGraphics.framework</string>
			<key>path</key>
			<string>System/Library/Frameworks/CoreGraphics.framework</string>
			<key>sourceTree</key>
			<string>SDKROOT</string>
		</dict>
		<key>52AB34A71869986C00F76FBD</key>
		<dict>
			<key>fileRef</key>
			<string>52AB34A61869986C00F76FBD</string>
			<key>isa</key>
			<string>PBXBuildFile</string>
		</dict>
		<key>52AB34A81869986C00F76FBD</key>
		<dict>
			<key>isa</key>
			<string>PBXFileReference</string>
			<key>lastKnownFileType</key>
			<string>wrapper.framework</string>
			<key>name</key>
			<string>UIKit.framework</string>
			<key>path</key>
			<string>System/Library/Frameworks/UIKit.framework</string>
			<key>sourceTree</key>
			<string>SDKROOT</string>
		</dict>
		<key>52AB34A91869986C00F76FBD</key>
		<dict>
			<key>fileRef</key>
			<string>52AB34A81869986C00F76FBD</string>
			<key>isa</key>
			<string>PBXBuildFile</string>
		</dict>
		<key>52AB34AA1869986C00F76FBD</key>
		<dict>
			<key>children</key>
			<array>
				<string>52DC9B461887F3F600272042</string>
				<string>52AB34D31869F02D00F76FBD</string>
				<string>52AB34B31869986C00F76FBD</string>
				<string>52AB34B41869986C00F76FBD</string>
				<string>52AB34B61869986C00F76FBD</string>
				<string>52AB34AB1869986C00F76FBD</string>
			</array>
			<key>isa</key>
			<string>PBXGroup</string>
			<key>path</key>
			<string>Disqus</string>
			<key>sourceTree</key>
			<string>&lt;group&gt;</string>
		</dict>
		<key>52AB34AB1869986C00F76FBD</key>
		<dict>
			<key>children</key>
			<array>
				<string>52AB34AC1869986C00F76FBD</string>
				<string>52AB34AD1869986C00F76FBD</string>
				<string>52AB34B01869986C00F76FBD</string>
				<string>52AB34B21869986C00F76FBD</string>
			</array>
			<key>isa</key>
			<string>PBXGroup</string>
			<key>name</key>
			<string>Supporting Files</string>
			<key>sourceTree</key>
			<string>&lt;group&gt;</string>
		</dict>
		<key>52AB34AC1869986C00F76FBD</key>
		<dict>
			<key>isa</key>
			<string>PBXFileReference</string>
			<key>lastKnownFileType</key>
			<string>text.plist.xml</string>
			<key>path</key>
			<string>Disqus-Info.plist</string>
			<key>sourceTree</key>
			<string>&lt;group&gt;</string>
		</dict>
		<key>52AB34AD1869986C00F76FBD</key>
		<dict>
			<key>children</key>
			<array>
				<string>52AB34AE1869986C00F76FBD</string>
			</array>
			<key>isa</key>
			<string>PBXVariantGroup</string>
			<key>name</key>
			<string>InfoPlist.strings</string>
			<key>sourceTree</key>
			<string>&lt;group&gt;</string>
		</dict>
		<key>52AB34AE1869986C00F76FBD</key>
		<dict>
			<key>isa</key>
			<string>PBXFileReference</string>
			<key>lastKnownFileType</key>
			<string>text.plist.strings</string>
			<key>name</key>
			<string>en</string>
			<key>path</key>
			<string>en.lproj/InfoPlist.strings</string>
			<key>sourceTree</key>
			<string>&lt;group&gt;</string>
		</dict>
		<key>52AB34AF1869986C00F76FBD</key>
		<dict>
			<key>fileRef</key>
			<string>52AB34AD1869986C00F76FBD</string>
			<key>isa</key>
			<string>PBXBuildFile</string>
		</dict>
		<key>52AB34B01869986C00F76FBD</key>
		<dict>
			<key>isa</key>
			<string>PBXFileReference</string>
			<key>lastKnownFileType</key>
			<string>sourcecode.c.objc</string>
			<key>path</key>
			<string>main.m</string>
			<key>sourceTree</key>
			<string>&lt;group&gt;</string>
		</dict>
		<key>52AB34B11869986C00F76FBD</key>
		<dict>
			<key>fileRef</key>
			<string>52AB34B01869986C00F76FBD</string>
			<key>isa</key>
			<string>PBXBuildFile</string>
		</dict>
		<key>52AB34B21869986C00F76FBD</key>
		<dict>
			<key>isa</key>
			<string>PBXFileReference</string>
			<key>lastKnownFileType</key>
			<string>sourcecode.c.h</string>
			<key>path</key>
			<string>Disqus-Prefix.pch</string>
			<key>sourceTree</key>
			<string>&lt;group&gt;</string>
		</dict>
		<key>52AB34B31869986C00F76FBD</key>
		<dict>
			<key>isa</key>
			<string>PBXFileReference</string>
			<key>lastKnownFileType</key>
			<string>sourcecode.c.h</string>
			<key>path</key>
			<string>MDAppDelegate.h</string>
			<key>sourceTree</key>
			<string>&lt;group&gt;</string>
		</dict>
		<key>52AB34B41869986C00F76FBD</key>
		<dict>
			<key>isa</key>
			<string>PBXFileReference</string>
			<key>lastKnownFileType</key>
			<string>sourcecode.c.objc</string>
			<key>path</key>
			<string>MDAppDelegate.m</string>
			<key>sourceTree</key>
			<string>&lt;group&gt;</string>
		</dict>
		<key>52AB34B51869986C00F76FBD</key>
		<dict>
			<key>fileRef</key>
			<string>52AB34B41869986C00F76FBD</string>
			<key>isa</key>
			<string>PBXBuildFile</string>
		</dict>
		<key>52AB34B61869986C00F76FBD</key>
		<dict>
			<key>isa</key>
			<string>PBXFileReference</string>
			<key>lastKnownFileType</key>
			<string>folder.assetcatalog</string>
			<key>path</key>
			<string>Images.xcassets</string>
			<key>sourceTree</key>
			<string>&lt;group&gt;</string>
		</dict>
		<key>52AB34B71869986C00F76FBD</key>
		<dict>
			<key>fileRef</key>
			<string>52AB34B61869986C00F76FBD</string>
			<key>isa</key>
			<string>PBXBuildFile</string>
		</dict>
		<key>52AB34B81869986C00F76FBD</key>
		<dict>
			<key>buildActionMask</key>
			<string>2147483647</string>
			<key>files</key>
			<array>
				<string>52AB34CA1869986C00F76FBD</string>
			</array>
			<key>isa</key>
			<string>PBXSourcesBuildPhase</string>
			<key>runOnlyForDeploymentPostprocessing</key>
			<string>0</string>
		</dict>
		<key>52AB34B91869986C00F76FBD</key>
		<dict>
			<key>buildActionMask</key>
			<string>2147483647</string>
			<key>files</key>
			<array>
				<string>52AB34BE1869986C00F76FBD</string>
				<string>52AB34C01869986C00F76FBD</string>
				<string>52AB34BF1869986C00F76FBD</string>
			</array>
			<key>isa</key>
			<string>PBXFrameworksBuildPhase</string>
			<key>runOnlyForDeploymentPostprocessing</key>
			<string>0</string>
		</dict>
		<key>52AB34BA1869986C00F76FBD</key>
		<dict>
			<key>buildActionMask</key>
			<string>2147483647</string>
			<key>files</key>
			<array>
				<string>52AB34C81869986C00F76FBD</string>
			</array>
			<key>isa</key>
			<string>PBXResourcesBuildPhase</string>
			<key>runOnlyForDeploymentPostprocessing</key>
			<string>0</string>
		</dict>
		<key>52AB34BB1869986C00F76FBD</key>
		<dict>
			<key>buildConfigurationList</key>
			<string>52AB34D01869986C00F76FBD</string>
			<key>buildPhases</key>
			<array>
				<string>52AB34B81869986C00F76FBD</string>
				<string>52AB34B91869986C00F76FBD</string>
				<string>52AB34BA1869986C00F76FBD</string>
			</array>
			<key>buildRules</key>
			<array/>
			<key>dependencies</key>
			<array>
				<string>52AB34C21869986C00F76FBD</string>
			</array>
			<key>isa</key>
			<string>PBXNativeTarget</string>
			<key>name</key>
			<string>DisqusTests</string>
			<key>productName</key>
			<string>DisqusTests</string>
			<key>productReference</key>
			<string>52AB34BC1869986C00F76FBD</string>
			<key>productType</key>
			<string>com.apple.product-type.bundle.unit-test</string>
		</dict>
		<key>52AB34BC1869986C00F76FBD</key>
		<dict>
			<key>explicitFileType</key>
			<string>wrapper.cfbundle</string>
			<key>includeInIndex</key>
			<string>0</string>
			<key>isa</key>
			<string>PBXFileReference</string>
			<key>path</key>
			<string>DisqusTests.xctest</string>
			<key>sourceTree</key>
			<string>BUILT_PRODUCTS_DIR</string>
		</dict>
		<key>52AB34BD1869986C00F76FBD</key>
		<dict>
			<key>isa</key>
			<string>PBXFileReference</string>
			<key>lastKnownFileType</key>
			<string>wrapper.framework</string>
			<key>name</key>
			<string>XCTest.framework</string>
			<key>path</key>
			<string>Library/Frameworks/XCTest.framework</string>
			<key>sourceTree</key>
			<string>DEVELOPER_DIR</string>
		</dict>
		<key>52AB34BE1869986C00F76FBD</key>
		<dict>
			<key>fileRef</key>
			<string>52AB34BD1869986C00F76FBD</string>
			<key>isa</key>
			<string>PBXBuildFile</string>
		</dict>
		<key>52AB34BF1869986C00F76FBD</key>
		<dict>
			<key>fileRef</key>
			<string>52AB34A41869986C00F76FBD</string>
			<key>isa</key>
			<string>PBXBuildFile</string>
		</dict>
		<key>52AB34C01869986C00F76FBD</key>
		<dict>
			<key>fileRef</key>
			<string>52AB34A81869986C00F76FBD</string>
			<key>isa</key>
			<string>PBXBuildFile</string>
		</dict>
		<key>52AB34C11869986C00F76FBD</key>
		<dict>
			<key>containerPortal</key>
			<string>52AB34991869986C00F76FBD</string>
			<key>isa</key>
			<string>PBXContainerItemProxy</string>
			<key>proxyType</key>
			<string>1</string>
			<key>remoteGlobalIDString</key>
			<string>52AB34A01869986C00F76FBD</string>
			<key>remoteInfo</key>
			<string>Disqus</string>
		</dict>
		<key>52AB34C21869986C00F76FBD</key>
		<dict>
			<key>isa</key>
			<string>PBXTargetDependency</string>
			<key>target</key>
			<string>52AB34A01869986C00F76FBD</string>
			<key>targetProxy</key>
			<string>52AB34C11869986C00F76FBD</string>
		</dict>
		<key>52AB34C31869986C00F76FBD</key>
		<dict>
			<key>children</key>
			<array>
				<string>52AB34C91869986C00F76FBD</string>
				<string>52AB34C41869986C00F76FBD</string>
			</array>
			<key>isa</key>
			<string>PBXGroup</string>
			<key>path</key>
			<string>DisqusTests</string>
			<key>sourceTree</key>
			<string>&lt;group&gt;</string>
		</dict>
		<key>52AB34C41869986C00F76FBD</key>
		<dict>
			<key>children</key>
			<array>
				<string>52AB34C51869986C00F76FBD</string>
				<string>52AB34C61869986C00F76FBD</string>
			</array>
			<key>isa</key>
			<string>PBXGroup</string>
			<key>name</key>
			<string>Supporting Files</string>
			<key>sourceTree</key>
			<string>&lt;group&gt;</string>
		</dict>
		<key>52AB34C51869986C00F76FBD</key>
		<dict>
			<key>isa</key>
			<string>PBXFileReference</string>
			<key>lastKnownFileType</key>
			<string>text.plist.xml</string>
			<key>path</key>
			<string>DisqusTests-Info.plist</string>
			<key>sourceTree</key>
			<string>&lt;group&gt;</string>
		</dict>
		<key>52AB34C61869986C00F76FBD</key>
		<dict>
			<key>children</key>
			<array>
				<string>52AB34C71869986C00F76FBD</string>
			</array>
			<key>isa</key>
			<string>PBXVariantGroup</string>
			<key>name</key>
			<string>InfoPlist.strings</string>
			<key>sourceTree</key>
			<string>&lt;group&gt;</string>
		</dict>
		<key>52AB34C71869986C00F76FBD</key>
		<dict>
			<key>isa</key>
			<string>PBXFileReference</string>
			<key>lastKnownFileType</key>
			<string>text.plist.strings</string>
			<key>name</key>
			<string>en</string>
			<key>path</key>
			<string>en.lproj/InfoPlist.strings</string>
			<key>sourceTree</key>
			<string>&lt;group&gt;</string>
		</dict>
		<key>52AB34C81869986C00F76FBD</key>
		<dict>
			<key>fileRef</key>
			<string>52AB34C61869986C00F76FBD</string>
			<key>isa</key>
			<string>PBXBuildFile</string>
		</dict>
		<key>52AB34C91869986C00F76FBD</key>
		<dict>
			<key>isa</key>
			<string>PBXFileReference</string>
			<key>lastKnownFileType</key>
			<string>sourcecode.c.objc</string>
			<key>path</key>
			<string>DisqusTests.m</string>
			<key>sourceTree</key>
			<string>&lt;group&gt;</string>
		</dict>
		<key>52AB34CA1869986C00F76FBD</key>
		<dict>
			<key>fileRef</key>
			<string>52AB34C91869986C00F76FBD</string>
			<key>isa</key>
			<string>PBXBuildFile</string>
		</dict>
		<key>52AB34CB1869986C00F76FBD</key>
		<dict>
			<key>buildSettings</key>
			<dict>
				<key>ALWAYS_SEARCH_USER_PATHS</key>
				<string>NO</string>
				<key>ARCHS</key>
				<string>$(ARCHS_STANDARD_INCLUDING_64_BIT)</string>
				<key>CLANG_CXX_LANGUAGE_STANDARD</key>
				<string>gnu++0x</string>
				<key>CLANG_CXX_LIBRARY</key>
				<string>libc++</string>
				<key>CLANG_ENABLE_MODULES</key>
				<string>YES</string>
				<key>CLANG_ENABLE_OBJC_ARC</key>
				<string>YES</string>
				<key>CLANG_WARN_BOOL_CONVERSION</key>
				<string>YES</string>
				<key>CLANG_WARN_CONSTANT_CONVERSION</key>
				<string>YES</string>
				<key>CLANG_WARN_DIRECT_OBJC_ISA_USAGE</key>
				<string>YES_ERROR</string>
				<key>CLANG_WARN_EMPTY_BODY</key>
				<string>YES</string>
				<key>CLANG_WARN_ENUM_CONVERSION</key>
				<string>YES</string>
				<key>CLANG_WARN_INT_CONVERSION</key>
				<string>YES</string>
				<key>CLANG_WARN_OBJC_ROOT_CLASS</key>
				<string>YES_ERROR</string>
				<key>CLANG_WARN__DUPLICATE_METHOD_MATCH</key>
				<string>YES</string>
				<key>CODE_SIGN_IDENTITY[sdk=iphoneos*]</key>
				<string>iPhone Developer</string>
				<key>COPY_PHASE_STRIP</key>
				<string>NO</string>
				<key>GCC_C_LANGUAGE_STANDARD</key>
				<string>gnu99</string>
				<key>GCC_DYNAMIC_NO_PIC</key>
				<string>NO</string>
				<key>GCC_OPTIMIZATION_LEVEL</key>
				<string>0</string>
				<key>GCC_PREPROCESSOR_DEFINITIONS</key>
				<array>
					<string>DEBUG=1</string>
					<string>$(inherited)</string>
				</array>
				<key>GCC_SYMBOLS_PRIVATE_EXTERN</key>
				<string>NO</string>
				<key>GCC_WARN_64_TO_32_BIT_CONVERSION</key>
				<string>YES</string>
				<key>GCC_WARN_ABOUT_RETURN_TYPE</key>
				<string>YES_ERROR</string>
				<key>GCC_WARN_UNDECLARED_SELECTOR</key>
				<string>YES</string>
				<key>GCC_WARN_UNINITIALIZED_AUTOS</key>
				<string>YES</string>
				<key>GCC_WARN_UNUSED_FUNCTION</key>
				<string>YES</string>
				<key>GCC_WARN_UNUSED_VARIABLE</key>
				<string>YES</string>
				<key>IPHONEOS_DEPLOYMENT_TARGET</key>
				<string>7.0</string>
				<key>ONLY_ACTIVE_ARCH</key>
				<string>YES</string>
				<key>SDKROOT</key>
				<string>iphoneos</string>
			</dict>
			<key>isa</key>
			<string>XCBuildConfiguration</string>
			<key>name</key>
			<string>Debug</string>
		</dict>
		<key>52AB34CC1869986C00F76FBD</key>
		<dict>
			<key>buildSettings</key>
			<dict>
				<key>ALWAYS_SEARCH_USER_PATHS</key>
				<string>NO</string>
				<key>ARCHS</key>
				<string>$(ARCHS_STANDARD_INCLUDING_64_BIT)</string>
				<key>CLANG_CXX_LANGUAGE_STANDARD</key>
				<string>gnu++0x</string>
				<key>CLANG_CXX_LIBRARY</key>
				<string>libc++</string>
				<key>CLANG_ENABLE_MODULES</key>
				<string>YES</string>
				<key>CLANG_ENABLE_OBJC_ARC</key>
				<string>YES</string>
				<key>CLANG_WARN_BOOL_CONVERSION</key>
				<string>YES</string>
				<key>CLANG_WARN_CONSTANT_CONVERSION</key>
				<string>YES</string>
				<key>CLANG_WARN_DIRECT_OBJC_ISA_USAGE</key>
				<string>YES_ERROR</string>
				<key>CLANG_WARN_EMPTY_BODY</key>
				<string>YES</string>
				<key>CLANG_WARN_ENUM_CONVERSION</key>
				<string>YES</string>
				<key>CLANG_WARN_INT_CONVERSION</key>
				<string>YES</string>
				<key>CLANG_WARN_OBJC_ROOT_CLASS</key>
				<string>YES_ERROR</string>
				<key>CLANG_WARN__DUPLICATE_METHOD_MATCH</key>
				<string>YES</string>
				<key>CODE_SIGN_IDENTITY[sdk=iphoneos*]</key>
				<string>iPhone Developer</string>
				<key>COPY_PHASE_STRIP</key>
				<string>YES</string>
				<key>ENABLE_NS_ASSERTIONS</key>
				<string>NO</string>
				<key>GCC_C_LANGUAGE_STANDARD</key>
				<string>gnu99</string>
				<key>GCC_WARN_64_TO_32_BIT_CONVERSION</key>
				<string>YES</string>
				<key>GCC_WARN_ABOUT_RETURN_TYPE</key>
				<string>YES_ERROR</string>
				<key>GCC_WARN_UNDECLARED_SELECTOR</key>
				<string>YES</string>
				<key>GCC_WARN_UNINITIALIZED_AUTOS</key>
				<string>YES</string>
				<key>GCC_WARN_UNUSED_FUNCTION</key>
				<string>YES</string>
				<key>GCC_WARN_UNUSED_VARIABLE</key>
				<string>YES</string>
				<key>IPHONEOS_DEPLOYMENT_TARGET</key>
				<string>7.0</string>
				<key>SDKROOT</key>
				<string>iphoneos</string>
				<key>VALIDATE_PRODUCT</key>
				<string>YES</string>
			</dict>
			<key>isa</key>
			<string>XCBuildConfiguration</string>
			<key>name</key>
			<string>Release</string>
		</dict>
		<key>52AB34CD1869986C00F76FBD</key>
		<dict>
			<key>buildConfigurations</key>
			<array>
				<string>52AB34CE1869986C00F76FBD</string>
				<string>52AB34CF1869986C00F76FBD</string>
			</array>
			<key>defaultConfigurationIsVisible</key>
			<string>0</string>
			<key>defaultConfigurationName</key>
			<string>Release</string>
			<key>isa</key>
			<string>XCConfigurationList</string>
		</dict>
		<key>52AB34CE1869986C00F76FBD</key>
		<dict>
			<key>baseConfigurationReference</key>
			<string>5B946A2A4C574BCC8AE679D9</string>
			<key>buildSettings</key>
			<dict>
				<key>ASSETCATALOG_COMPILER_APPICON_NAME</key>
				<string>AppIcon</string>
				<key>ASSETCATALOG_COMPILER_LAUNCHIMAGE_NAME</key>
				<string>LaunchImage</string>
				<key>CLANG_ENABLE_OBJC_ARC</key>
				<string>NO</string>
				<key>CODE_SIGN_IDENTITY</key>
				<string>iPhone Developer</string>
				<key>CODE_SIGN_IDENTITY[sdk=iphoneos*]</key>
				<string></string>
				<key>GCC_PRECOMPILE_PREFIX_HEADER</key>
				<string>YES</string>
				<key>GCC_PREFIX_HEADER</key>
				<string>Disqus/Disqus-Prefix.pch</string>
				<key>INFOPLIST_FILE</key>
				<string>Disqus/Disqus-Info.plist</string>
				<key>PRODUCT_NAME</key>
				<string>$(TARGET_NAME)</string>
				<key>PROVISIONING_PROFILE[sdk=iphoneos*]</key>
				<string>A9E599E9-2837-495D-9B5F-9C9CA52514AA</string>
				<key>WRAPPER_EXTENSION</key>
				<string>app</string>
			</dict>
			<key>isa</key>
			<string>XCBuildConfiguration</string>
			<key>name</key>
			<string>Debug</string>
		</dict>
		<key>52AB34CF1869986C00F76FBD</key>
		<dict>
			<key>baseConfigurationReference</key>
			<string>5B946A2A4C574BCC8AE679D9</string>
			<key>buildSettings</key>
			<dict>
				<key>ASSETCATALOG_COMPILER_APPICON_NAME</key>
				<string>AppIcon</string>
				<key>ASSETCATALOG_COMPILER_LAUNCHIMAGE_NAME</key>
				<string>LaunchImage</string>
				<key>CLANG_ENABLE_OBJC_ARC</key>
				<string>NO</string>
				<key>GCC_PRECOMPILE_PREFIX_HEADER</key>
				<string>YES</string>
				<key>GCC_PREFIX_HEADER</key>
				<string>Disqus/Disqus-Prefix.pch</string>
				<key>INFOPLIST_FILE</key>
				<string>Disqus/Disqus-Info.plist</string>
				<key>PRODUCT_NAME</key>
				<string>$(TARGET_NAME)</string>
				<key>WRAPPER_EXTENSION</key>
				<string>app</string>
			</dict>
			<key>isa</key>
			<string>XCBuildConfiguration</string>
			<key>name</key>
			<string>Release</string>
		</dict>
		<key>52AB34D01869986C00F76FBD</key>
		<dict>
			<key>buildConfigurations</key>
			<array>
				<string>52AB34D11869986C00F76FBD</string>
				<string>52AB34D21869986C00F76FBD</string>
			</array>
			<key>defaultConfigurationIsVisible</key>
			<string>0</string>
			<key>defaultConfigurationName</key>
			<string>Release</string>
			<key>isa</key>
			<string>XCConfigurationList</string>
		</dict>
		<key>52AB34D11869986C00F76FBD</key>
		<dict>
			<key>buildSettings</key>
			<dict>
				<key>ARCHS</key>
				<string>$(ARCHS_STANDARD_INCLUDING_64_BIT)</string>
				<key>BUNDLE_LOADER</key>
				<string>$(BUILT_PRODUCTS_DIR)/Disqus.app/Disqus</string>
				<key>FRAMEWORK_SEARCH_PATHS</key>
				<array>
					<string>$(SDKROOT)/Developer/Library/Frameworks</string>
					<string>$(inherited)</string>
					<string>$(DEVELOPER_FRAMEWORKS_DIR)</string>
				</array>
				<key>GCC_PRECOMPILE_PREFIX_HEADER</key>
				<string>YES</string>
				<key>GCC_PREFIX_HEADER</key>
				<string>Disqus/Disqus-Prefix.pch</string>
				<key>GCC_PREPROCESSOR_DEFINITIONS</key>
				<array>
					<string>DEBUG=1</string>
					<string>$(inherited)</string>
				</array>
				<key>INFOPLIST_FILE</key>
				<string>DisqusTests/DisqusTests-Info.plist</string>
				<key>PRODUCT_NAME</key>
				<string>$(TARGET_NAME)</string>
				<key>TEST_HOST</key>
				<string>$(BUNDLE_LOADER)</string>
				<key>WRAPPER_EXTENSION</key>
				<string>xctest</string>
			</dict>
			<key>isa</key>
			<string>XCBuildConfiguration</string>
			<key>name</key>
			<string>Debug</string>
		</dict>
		<key>52AB34D21869986C00F76FBD</key>
		<dict>
			<key>buildSettings</key>
			<dict>
				<key>ARCHS</key>
				<string>$(ARCHS_STANDARD_INCLUDING_64_BIT)</string>
				<key>BUNDLE_LOADER</key>
				<string>$(BUILT_PRODUCTS_DIR)/Disqus.app/Disqus</string>
				<key>FRAMEWORK_SEARCH_PATHS</key>
				<array>
					<string>$(SDKROOT)/Developer/Library/Frameworks</string>
					<string>$(inherited)</string>
					<string>$(DEVELOPER_FRAMEWORKS_DIR)</string>
				</array>
				<key>GCC_PRECOMPILE_PREFIX_HEADER</key>
				<string>YES</string>
				<key>GCC_PREFIX_HEADER</key>
				<string>Disqus/Disqus-Prefix.pch</string>
				<key>INFOPLIST_FILE</key>
				<string>DisqusTests/DisqusTests-Info.plist</string>
				<key>PRODUCT_NAME</key>
				<string>$(TARGET_NAME)</string>
				<key>TEST_HOST</key>
				<string>$(BUNDLE_LOADER)</string>
				<key>WRAPPER_EXTENSION</key>
				<string>xctest</string>
			</dict>
			<key>isa</key>
			<string>XCBuildConfiguration</string>
			<key>name</key>
			<string>Release</string>
		</dict>
		<key>52AB34D31869F02D00F76FBD</key>
		<dict>
			<key>children</key>
			<array>
				<string>52DC9B431887F3EF00272042</string>
			</array>
			<key>isa</key>
			<string>PBXGroup</string>
			<key>path</key>
			<string>Classes</string>
			<key>sourceTree</key>
			<string>&lt;group&gt;</string>
		</dict>
		<key>52DC9B431887F3EF00272042</key>
		<dict>
			<key>children</key>
			<array>
				<string>52DC9B5A18898A3900272042</string>
				<string>52DC9B52188944FD00272042</string>
				<string>52DC9B441887F3EF00272042</string>
				<string>52DC9B451887F3EF00272042</string>
			</array>
			<key>isa</key>
			<string>PBXGroup</string>
			<key>path</key>
			<string>UI</string>
			<key>sourceTree</key>
			<string>&lt;group&gt;</string>
		</dict>
		<key>52DC9B441887F3EF00272042</key>
		<dict>
			<key>children</key>
			<array>
				<string>52DC9B5618895B4F00272042</string>
				<string>52DC9B4D188804B500272042</string>
				<string>52DC9B4E188804B500272042</string>
			</array>
			<key>isa</key>
			<string>PBXGroup</string>
			<key>path</key>
			<string>Posts</string>
			<key>sourceTree</key>
			<string>&lt;group&gt;</string>
		</dict>
		<key>52DC9B451887F3EF00272042</key>
		<dict>
			<key>children</key>
			<array>
				<string>52DC9B4A1887F48500272042</string>
				<string>52DC9B4B1887F48500272042</string>
			</array>
			<key>isa</key>
			<string>PBXGroup</string>
			<key>path</key>
			<string>Threads</string>
			<key>sourceTree</key>
			<string>&lt;group&gt;</string>
		</dict>
		<key>52DC9B461887F3F600272042</key>
		<dict>
			<key>children</key>
			<array>
				<string>5217F2D118D6115D00E7733D</string>
				<string>5217F2C618D5BD2200E7733D</string>
				<string>52DC9B471887F3F600272042</string>
				<string>52DC9B481887F3F600272042</string>
			</array>
			<key>isa</key>
			<string>PBXGroup</string>
			<key>path</key>
			<string>DisqusComponent</string>
			<key>sourceTree</key>
			<string>&lt;group&gt;</string>
		</dict>
		<key>52DC9B471887F3F600272042</key>
		<dict>
			<key>fileEncoding</key>
			<string>4</string>
			<key>isa</key>
			<string>PBXFileReference</string>
			<key>lastKnownFileType</key>
			<string>sourcecode.c.h</string>
			<key>path</key>
			<string>MDDisqusComponent.h</string>
			<key>sourceTree</key>
			<string>&lt;group&gt;</string>
		</dict>
		<key>52DC9B481887F3F600272042</key>
		<dict>
			<key>fileEncoding</key>
			<string>4</string>
			<key>isa</key>
			<string>PBXFileReference</string>
			<key>lastKnownFileType</key>
			<string>sourcecode.c.objc</string>
			<key>path</key>
			<string>MDDisqusComponent.m</string>
			<key>sourceTree</key>
			<string>&lt;group&gt;</string>
		</dict>
		<key>52DC9B491887F3F600272042</key>
		<dict>
			<key>fileRef</key>
			<string>52DC9B481887F3F600272042</string>
			<key>isa</key>
			<string>PBXBuildFile</string>
		</dict>
		<key>52DC9B4A1887F48500272042</key>
		<dict>
			<key>fileEncoding</key>
			<string>4</string>
			<key>isa</key>
			<string>PBXFileReference</string>
			<key>lastKnownFileType</key>
			<string>sourcecode.c.h</string>
			<key>path</key>
			<string>MDThreadsViewController.h</string>
			<key>sourceTree</key>
			<string>&lt;group&gt;</string>
		</dict>
		<key>52DC9B4B1887F48500272042</key>
		<dict>
			<key>fileEncoding</key>
			<string>4</string>
			<key>isa</key>
			<string>PBXFileReference</string>
			<key>lastKnownFileType</key>
			<string>sourcecode.c.objc</string>
			<key>path</key>
			<string>MDThreadsViewController.m</string>
			<key>sourceTree</key>
			<string>&lt;group&gt;</string>
		</dict>
		<key>52DC9B4C1887F48500272042</key>
		<dict>
			<key>fileRef</key>
			<string>52DC9B4B1887F48500272042</string>
			<key>isa</key>
			<string>PBXBuildFile</string>
		</dict>
		<key>52DC9B4D188804B500272042</key>
		<dict>
			<key>fileEncoding</key>
			<string>4</string>
			<key>isa</key>
			<string>PBXFileReference</string>
			<key>lastKnownFileType</key>
			<string>sourcecode.c.h</string>
			<key>path</key>
			<string>MDPostsViewController.h</string>
			<key>sourceTree</key>
			<string>&lt;group&gt;</string>
		</dict>
		<key>52DC9B4E188804B500272042</key>
		<dict>
			<key>fileEncoding</key>
			<string>4</string>
			<key>isa</key>
			<string>PBXFileReference</string>
			<key>lastKnownFileType</key>
			<string>sourcecode.c.objc</string>
			<key>path</key>
			<string>MDPostsViewController.m</string>
			<key>sourceTree</key>
			<string>&lt;group&gt;</string>
		</dict>
		<key>52DC9B4F188804B500272042</key>
		<dict>
			<key>fileRef</key>
			<string>52DC9B4E188804B500272042</string>
			<key>isa</key>
			<string>PBXBuildFile</string>
		</dict>
		<key>52DC9B52188944FD00272042</key>
		<dict>
			<key>children</key>
			<array>
				<string>52DC9B531889450C00272042</string>
				<string>52DC9B541889450C00272042</string>
			</array>
			<key>isa</key>
			<string>PBXGroup</string>
			<key>path</key>
			<string>Base</string>
			<key>sourceTree</key>
			<string>&lt;group&gt;</string>
		</dict>
		<key>52DC9B531889450C00272042</key>
		<dict>
			<key>fileEncoding</key>
			<string>4</string>
			<key>isa</key>
			<string>PBXFileReference</string>
			<key>lastKnownFileType</key>
			<string>sourcecode.c.h</string>
			<key>path</key>
			<string>MDBaseViewController.h</string>
			<key>sourceTree</key>
			<string>&lt;group&gt;</string>
		</dict>
		<key>52DC9B541889450C00272042</key>
		<dict>
			<key>fileEncoding</key>
			<string>4</string>
			<key>isa</key>
			<string>PBXFileReference</string>
			<key>lastKnownFileType</key>
			<string>sourcecode.c.objc</string>
			<key>path</key>
			<string>MDBaseViewController.m</string>
			<key>sourceTree</key>
			<string>&lt;group&gt;</string>
		</dict>
		<key>52DC9B551889450C00272042</key>
		<dict>
			<key>fileRef</key>
			<string>52DC9B541889450C00272042</string>
			<key>isa</key>
			<string>PBXBuildFile</string>
		</dict>
		<key>52DC9B5618895B4F00272042</key>
		<dict>
			<key>children</key>
			<array>
				<string>52DC9B5718895B6D00272042</string>
				<string>52DC9B5818895B6D00272042</string>
			</array>
			<key>isa</key>
			<string>PBXGroup</string>
			<key>path</key>
			<string>Views</string>
			<key>sourceTree</key>
			<string>&lt;group&gt;</string>
		</dict>
		<key>52DC9B5718895B6D00272042</key>
		<dict>
			<key>fileEncoding</key>
			<string>4</string>
			<key>isa</key>
			<string>PBXFileReference</string>
			<key>lastKnownFileType</key>
			<string>sourcecode.c.h</string>
			<key>path</key>
			<string>MDPostCellContentView.h</string>
			<key>sourceTree</key>
			<string>&lt;group&gt;</string>
		</dict>
		<key>52DC9B5818895B6D00272042</key>
		<dict>
			<key>fileEncoding</key>
			<string>4</string>
			<key>isa</key>
			<string>PBXFileReference</string>
			<key>lastKnownFileType</key>
			<string>sourcecode.c.objc</string>
			<key>path</key>
			<string>MDPostCellContentView.m</string>
			<key>sourceTree</key>
			<string>&lt;group&gt;</string>
		</dict>
		<key>52DC9B5918895B6D00272042</key>
		<dict>
			<key>fileRef</key>
			<string>52DC9B5818895B6D00272042</string>
			<key>isa</key>
			<string>PBXBuildFile</string>
		</dict>
		<key>52DC9B5A18898A3900272042</key>
		<dict>
			<key>children</key>
			<array>
				<string>52DC9B5B18898A4800272042</string>
				<string>52DC9B5C18898A4800272042</string>
			</array>
			<key>isa</key>
			<string>PBXGroup</string>
			<key>path</key>
			<string>NewPost</string>
			<key>sourceTree</key>
			<string>&lt;group&gt;</string>
		</dict>
		<key>52DC9B5B18898A4800272042</key>
		<dict>
			<key>fileEncoding</key>
			<string>4</string>
			<key>isa</key>
			<string>PBXFileReference</string>
			<key>lastKnownFileType</key>
			<string>sourcecode.c.h</string>
			<key>path</key>
			<string>MDNewPostViewController.h</string>
			<key>sourceTree</key>
			<string>&lt;group&gt;</string>
		</dict>
		<key>52DC9B5C18898A4800272042</key>
		<dict>
			<key>fileEncoding</key>
			<string>4</string>
			<key>isa</key>
			<string>PBXFileReference</string>
			<key>lastKnownFileType</key>
			<string>sourcecode.c.objc</string>
			<key>path</key>
			<string>MDNewPostViewController.m</string>
			<key>sourceTree</key>
			<string>&lt;group&gt;</string>
		</dict>
		<key>52DC9B5D18898A4800272042</key>
		<dict>
			<key>fileRef</key>
			<string>52DC9B5C18898A4800272042</string>
			<key>isa</key>
			<string>PBXBuildFile</string>
		</dict>
		<key>5B946A2A4C574BCC8AE679D9</key>
		<dict>
			<key>includeInIndex</key>
			<string>1</string>
			<key>isa</key>
			<string>PBXFileReference</string>
			<key>lastKnownFileType</key>
			<string>text.xcconfig</string>
			<key>name</key>
			<string>Pods.xcconfig</string>
			<key>path</key>
			<string>Pods/Pods.xcconfig</string>
			<key>sourceTree</key>
			<string>&lt;group&gt;</string>
		</dict>
		<key>68FB794D4ADD46A5A60879D5</key>
		<dict>
			<key>explicitFileType</key>
			<string>archive.ar</string>
			<key>includeInIndex</key>
			<string>0</string>
			<key>isa</key>
			<string>PBXFileReference</string>
			<key>path</key>
			<string>libPods.a</string>
			<key>sourceTree</key>
			<string>BUILT_PRODUCTS_DIR</string>
		</dict>
		<key>6BB59B3E1C5D4E53A8DCA663</key>
		<dict>
			<key>buildActionMask</key>
			<string>2147483647</string>
			<key>files</key>
			<array/>
			<key>inputPaths</key>
			<array/>
			<key>isa</key>
			<string>PBXShellScriptBuildPhase</string>
			<key>name</key>
			<string>Check Pods Manifest.lock</string>
			<key>outputPaths</key>
			<array/>
			<key>runOnlyForDeploymentPostprocessing</key>
			<string>0</string>
			<key>shellPath</key>
			<string>/bin/sh</string>
			<key>shellScript</key>
			<string>diff "${PODS_ROOT}/../Podfile.lock" "${PODS_ROOT}/Manifest.lock" &gt; /dev/null
if [[ $? != 0 ]] ; then
    cat &lt;&lt; EOM
error: The sandbox is not in sync with the Podfile.lock. Run 'pod install' or update your CocoaPods installation.
EOM
    exit 1
fi
</string>
			<key>showEnvVarsInLog</key>
			<string>0</string>
		</dict>
		<key>D5ACA29C28894120AFF5C358</key>
		<dict>
			<key>fileRef</key>
			<string>68FB794D4ADD46A5A60879D5</string>
			<key>isa</key>
			<string>PBXBuildFile</string>
		</dict>
		<key>D8E7B9021C5544EFBF75326A</key>
		<dict>
			<key>buildActionMask</key>
			<string>2147483647</string>
			<key>files</key>
			<array/>
			<key>inputPaths</key>
			<array/>
			<key>isa</key>
			<string>PBXShellScriptBuildPhase</string>
			<key>name</key>
			<string>Copy Pods Resources</string>
			<key>outputPaths</key>
			<array/>
			<key>runOnlyForDeploymentPostprocessing</key>
			<string>0</string>
			<key>shellPath</key>
			<string>/bin/sh</string>
			<key>shellScript</key>
			<string>"${SRCROOT}/Pods/Pods-resources.sh"
</string>
			<key>showEnvVarsInLog</key>
			<string>0</string>
		</dict>
	</dict>
	<key>rootObject</key>
	<string>52AB34991869986C00F76FBD</string>
</dict>
</plist>
